
Microsoft Visual Studio Solution File, Format Version 12.00
# Visual Studio Version 17
VisualStudioVersion = 17.6.33829.357
MinimumVisualStudioVersion = 10.0.40219.1
Project("{FAE04EC0-301F-11D3-BF4B-00C04F79EFBC}") = "DataTypesPrograms", "DataTypesPrograms.csproj", "{B8558E5C-C81A-4F15-B26E-8FF70A4762E4}"
EndProject
Global
	GlobalSection(SolutionConfigurationPlatforms) = preSolution
		Debug|Any CPU = Debug|Any CPU
		Release|Any CPU = Release|Any CPU
	EndGlobalSection
	GlobalSection(ProjectConfigurationPlatforms) = postSolution
		{B8558E5C-C81A-4F15-B26E-8FF70A4762E4}.Debug|Any CPU.ActiveCfg = Debug|Any CPU
		{B8558E5C-C81A-4F15-B26E-8FF70A4762E4}.Debug|Any CPU.Build.0 = Debug|Any CPU
		{B8558E5C-C81A-4F15-B26E-8FF70A4762E4}.Release|Any CPU.ActiveCfg = Release|Any CPU
		{B8558E5C-C81A-4F15-B26E-8FF70A4762E4}.Release|Any CPU.Build.0 = Release|Any CPU
	EndGlobalSection
	GlobalSection(SolutionProperties) = preSolution
		HideSolutionNode = FALSE
	EndGlobalSection
	GlobalSection(ExtensibilityGlobals) = postSolution
		SolutionGuid = {7142AC91-05F5-426C-B4C3-7F5CF3DE1FDE}
	EndGlobalSection
EndGlobal
